version = 1
revision = 1
requires-python = ">=3.12"

[[package]]
name = ""
version = "0.0.1"
source = { virtual = "." }
dependencies = [
    { name = "appdirs" },
    { name = "certifi" },
    { name = "charset-normalizer" },
    { name = "idna" },
    { name = "ifaddr" },
    { name = "lxml" },
    { name = "requests" },
    { name = "setuptools" },
    { name = "soco" },
    { name = "urllib3" },
    { name = "wheel" },
    { name = "xmltodict" },
]

[package.metadata]
requires-dist = [
    { name = "appdirs", specifier = "==1.4.4" },
    { name = "certifi", specifier = "==2024.7.4" },
    { name = "charset-normalizer", specifier = "==3.3.1" },
    { name = "idna", specifier = "==3.7" },
    { name = "ifaddr", specifier = "==0.2.0" },
    { name = "lxml", specifier = "==4.9.3" },
    { name = "requests", specifier = "==2.32.2" },
    { name = "setuptools", specifier = "==70.0.0" },
    { name = "soco", specifier = "==0.29.1" },
    { name = "urllib3", specifier = "==2.2.2" },
    { name = "wheel", specifier = "==0.41.2" },
    { name = "xmltodict", specifier = "==0.13.0" },
]

[[package]]
name = "appdirs"
version = "1.4.4"
source = { registry = "https://pypi.org/simple" }
sdist = { url = "https://files.pythonhosted.org/packages/d7/d8/05696357e0311f5b5c316d7b95f46c669dd9c15aaeecbb48c7d0aeb88c40/appdirs-1.4.4.tar.gz", hash = "sha256:7d5d0167b2b1ba821647616af46a749d1c653740dd0d2415100fe26e27afdf41", size = 13470 }
wheels = [
    { url = "https://files.pythonhosted.org/packages/3b/00/2344469e2084fb287c2e0b57b72910309874c3245463acd6cf5e3db69324/appdirs-1.4.4-py2.py3-none-any.whl", hash = "sha256:a841dacd6b99318a741b166adb07e19ee71a274450e68237b4650ca1055ab128", size = 9566 },
]

[[package]]
name = "certifi"
version = "2024.7.4"
source = { registry = "https://pypi.org/simple" }
sdist = { url = "https://files.pythonhosted.org/packages/c2/02/a95f2b11e207f68bc64d7aae9666fed2e2b3f307748d5123dffb72a1bbea/certifi-2024.7.4.tar.gz", hash = "sha256:5a1e7645bc0ec61a09e26c36f6106dd4cf40c6db3a1fb6352b0244e7fb057c7b", size = 164065 }
wheels = [
    { url = "https://files.pythonhosted.org/packages/1c/d5/c84e1a17bf61d4df64ca866a1c9a913874b4e9bdc131ec689a0ad013fb36/certifi-2024.7.4-py3-none-any.whl", hash = "sha256:c198e21b1289c2ab85ee4e67bb4b4ef3ead0892059901a8d5b622f24a1101e90", size = 162960 },
]

[[package]]
name = "charset-normalizer"
version = "3.3.1"
source = { registry = "https://pypi.org/simple" }
sdist = { url = "https://files.pythonhosted.org/packages/6d/b3/aa417b4e3ace24067f243e45cceaffc12dba6b8bd50c229b43b3b163768b/charset-normalizer-3.3.1.tar.gz", hash = "sha256:d9137a876020661972ca6eec0766d81aef8a5627df628b664b234b73396e727e", size = 104095 }
wheels = [
    { url = "https://files.pythonhosted.org/packages/95/7b/191f93d117d914b55baa2f06b8a08eb9e7858774c0ddf2c2a8b68330cee6/charset_normalizer-3.3.1-cp312-cp312-macosx_10_9_universal2.whl", hash = "sha256:7ae8e5142dcc7a49168f4055255dbcced01dc1714a90a21f87448dc8d90617d1", size = 188666 },
    { url = "https://files.pythonhosted.org/packages/be/d0/a14afd69344d248d7e8ab495b44be6957a6fd3718ffeb6b48674f206e8fa/charset_normalizer-3.3.1-cp312-cp312-macosx_10_9_x86_64.whl", hash = "sha256:5b70bab78accbc672f50e878a5b73ca692f45f5b5e25c8066d748c09405e6a55", size = 119936 },
    { url = "https://files.pythonhosted.org/packages/d4/85/5fdf066f9eb035cac957e89f90508a2698d1c8bd93d6a6477ab449e72cdc/charset_normalizer-3.3.1-cp312-cp312-macosx_11_0_arm64.whl", hash = "sha256:5ceca5876032362ae73b83347be8b5dbd2d1faf3358deb38c9c88776779b2e2f", size = 117166 },
    { url = "https://files.pythonhosted.org/packages/bc/91/b90b70780b2481247d53bdd3657487005affa804418cefa5fba303909985/charset_normalizer-3.3.1-cp312-cp312-manylinux_2_17_aarch64.manylinux2014_aarch64.whl", hash = "sha256:34d95638ff3613849f473afc33f65c401a89f3b9528d0d213c7037c398a51296", size = 134804 },
    { url = "https://files.pythonhosted.org/packages/65/96/2c5d1e789967610eb31d3babd10072bc2e0e6467efa008e06d9cadebac44/charset_normalizer-3.3.1-cp312-cp312-manylinux_2_17_ppc64le.manylinux2014_ppc64le.whl", hash = "sha256:9edbe6a5bf8b56a4a84533ba2b2f489d0046e755c29616ef8830f9e7d9cf5728", size = 144436 },
    { url = "https://files.pythonhosted.org/packages/e3/43/7d932d0a52ba4a9ae6c2c5f1a17bfae553595587de184522dc154727de85/charset_normalizer-3.3.1-cp312-cp312-manylinux_2_17_s390x.manylinux2014_s390x.whl", hash = "sha256:f6a02a3c7950cafaadcd46a226ad9e12fc9744652cc69f9e5534f98b47f3bbcf", size = 137368 },
    { url = "https://files.pythonhosted.org/packages/93/6d/63027361182c26155517ed010a05d73528511f45faab2047a014e69c4651/charset_normalizer-3.3.1-cp312-cp312-manylinux_2_17_x86_64.manylinux2014_x86_64.whl", hash = "sha256:10b8dd31e10f32410751b3430996f9807fc4d1587ca69772e2aa940a82ab571a", size = 139124 },
    { url = "https://files.pythonhosted.org/packages/c5/4d/3b0f81da0011755a0d796eff2ff36cda713b0fdc913d93cca121f623e703/charset_normalizer-3.3.1-cp312-cp312-manylinux_2_5_i686.manylinux1_i686.manylinux_2_17_i686.manylinux2014_i686.whl", hash = "sha256:edc0202099ea1d82844316604e17d2b175044f9bcb6b398aab781eba957224bd", size = 141305 },
    { url = "https://files.pythonhosted.org/packages/26/a4/086415b5c422527bf046eb66ee7f4605bc9218464703cf6dd4f2a3908a49/charset_normalizer-3.3.1-cp312-cp312-musllinux_1_1_aarch64.whl", hash = "sha256:b891a2f68e09c5ef989007fac11476ed33c5c9994449a4e2c3386529d703dc8b", size = 135484 },
    { url = "https://files.pythonhosted.org/packages/58/36/0fa50b4c5e0fb8633b725389835084adc12bf102de666233413012b538ce/charset_normalizer-3.3.1-cp312-cp312-musllinux_1_1_i686.whl", hash = "sha256:71ef3b9be10070360f289aea4838c784f8b851be3ba58cf796262b57775c2f14", size = 142103 },
    { url = "https://files.pythonhosted.org/packages/ab/ae/0ce19f42cc559c610e38dfa9deed259b2ced0b22b1f3e3a4fa2437e2801b/charset_normalizer-3.3.1-cp312-cp312-musllinux_1_1_ppc64le.whl", hash = "sha256:55602981b2dbf8184c098bc10287e8c245e351cd4fdcad050bd7199d5a8bf514", size = 146388 },
    { url = "https://files.pythonhosted.org/packages/2c/ed/614664c8c8cfcdbfb883886a07adfb11113d8d7318a96d3da6ecdda2acdc/charset_normalizer-3.3.1-cp312-cp312-musllinux_1_1_s390x.whl", hash = "sha256:46fb9970aa5eeca547d7aa0de5d4b124a288b42eaefac677bde805013c95725c", size = 138315 },
    { url = "https://files.pythonhosted.org/packages/30/c8/083fdaa56751ce753d16594973cbfe838b67b24b448aaac7ca3298eb7a70/charset_normalizer-3.3.1-cp312-cp312-musllinux_1_1_x86_64.whl", hash = "sha256:520b7a142d2524f999447b3a0cf95115df81c4f33003c51a6ab637cbda9d0bf4", size = 139231 },
    { url = "https://files.pythonhosted.org/packages/6d/75/405dfa90cb7afcc8b3aa35e8da1aa9a0b69743263872d762f29c6a435a68/charset_normalizer-3.3.1-cp312-cp312-win32.whl", hash = "sha256:8ec8ef42c6cd5856a7613dcd1eaf21e5573b2185263d87d27c8edcae33b62a61", size = 91786 },
    { url = "https://files.pythonhosted.org/packages/b2/a5/d52c61864fea4b02ef11da0a2e829ea7b365e09fae2a132314541ad01ae4/charset_normalizer-3.3.1-cp312-cp312-win_amd64.whl", hash = "sha256:baec8148d6b8bd5cee1ae138ba658c71f5b03e0d69d5907703e3e1df96db5e41", size = 98756 },
    { url = "https://files.pythonhosted.org/packages/22/ac/70f41edd03346a23df001e67daffebbf74cb0ab2d2347725d633efa6d379/charset_normalizer-3.3.1-py3-none-any.whl", hash = "sha256:800561453acdecedaac137bf09cd719c7a440b6800ec182f077bb8e7025fb708", size = 48246 },
]

[[package]]
name = "idna"
version = "3.7"
source = { registry = "https://pypi.org/simple" }
sdist = { url = "https://files.pythonhosted.org/packages/21/ed/f86a79a07470cb07819390452f178b3bef1d375f2ec021ecfc709fc7cf07/idna-3.7.tar.gz", hash = "sha256:028ff3aadf0609c1fd278d8ea3089299412a7a8b9bd005dd08b9f8285bcb5cfc", size = 189575 }
wheels = [
    { url = "https://files.pythonhosted.org/packages/e5/3e/741d8c82801c347547f8a2a06aa57dbb1992be9e948df2ea0eda2c8b79e8/idna-3.7-py3-none-any.whl", hash = "sha256:82fee1fc78add43492d3a1898bfa6d8a904cc97d8427f683ed8e798d07761aa0", size = 66836 },
]

[[package]]
name = "ifaddr"
version = "0.2.0"
source = { registry = "https://pypi.org/simple" }
sdist = { url = "https://files.pythonhosted.org/packages/e8/ac/fb4c578f4a3256561548cd825646680edcadb9440f3f68add95ade1eb791/ifaddr-0.2.0.tar.gz", hash = "sha256:cc0cbfcaabf765d44595825fb96a99bb12c79716b73b44330ea38ee2b0c4aed4", size = 10485 }
wheels = [
    { url = "https://files.pythonhosted.org/packages/9c/1f/19ebc343cc71a7ffa78f17018535adc5cbdd87afb31d7c34874680148b32/ifaddr-0.2.0-py3-none-any.whl", hash = "sha256:085e0305cfe6f16ab12d72e2024030f5d52674afad6911bb1eee207177b8a748", size = 12314 },
]

[[package]]
name = "lxml"
version = "4.9.3"
source = { registry = "https://pypi.org/simple" }
sdist = { url = "https://files.pythonhosted.org/packages/30/39/7305428d1c4f28282a4f5bdbef24e0f905d351f34cf351ceb131f5cddf78/lxml-4.9.3.tar.gz", hash = "sha256:48628bd53a426c9eb9bc066a923acaa0878d1e86129fd5359aee99285f4eed9c", size = 3572158 }
wheels = [
    { url = "https://files.pythonhosted.org/packages/c2/74/3a00052f9249b9a037a8c0cd0afac6e26cc21655ceb3d6b12221a171aeb7/lxml-4.9.3-cp312-cp312-macosx_11_0_universal2.whl", hash = "sha256:d3ff32724f98fbbbfa9f49d82852b159e9784d6094983d9a8b7f2ddaebb063d4", size = 8622812 },
    { url = "https://files.pythonhosted.org/packages/e9/d0/30c3e26fb5115ba2f113692e08468f9a873805e513687981c51930022974/lxml-4.9.3-cp312-cp312-manylinux_2_28_aarch64.whl", hash = "sha256:48d6ed886b343d11493129e019da91d4039826794a3e3027321c56d9e71505be", size = 7682627 },
    { url = "https://files.pythonhosted.org/packages/d8/e4/80ed0b5ac164fe452ceffb6733f008770e34878bc6f1104bb0f2266c1cb8/lxml-4.9.3-cp312-cp312-manylinux_2_28_x86_64.whl", hash = "sha256:9a92d3faef50658dd2c5470af249985782bf754c4e18e15afb67d3ab06233f13", size = 8031578 },
    { url = "https://files.pythonhosted.org/packages/b2/9a/3222015b0d835aa6d98497fe4a1ed02cb29f1849db0a228e87b0aacb1851/lxml-4.9.3-cp312-cp312-musllinux_1_1_aarch64.whl", hash = "sha256:b4e4bc18382088514ebde9328da057775055940a1f2e18f6ad2d78aa0f3ec5b9", size = 7512944 },
    { url = "https://files.pythonhosted.org/packages/72/7e/72a2f5cc51f5338890fdefbf525349a35f74d804739b75fee9fe25cef008/lxml-4.9.3-cp312-cp312-musllinux_1_1_x86_64.whl", hash = "sha256:fc9b106a1bf918db68619fdcd6d5ad4f972fdd19c01d19bdb6bf63f3589a9ec5", size = 7811054 },
    { url = "https://files.pythonhosted.org/packages/77/e5/1f23e56678244258483521872507d64130cac9466902aca3f3141b8fb06b/lxml-4.9.3-cp312-cp312-win_amd64.whl", hash = "sha256:d37017287a7adb6ab77e1c5bee9bcf9660f90ff445042b790402a654d2ad81d8", size = 3772823 },
]

[[package]]
name = "requests"
version = "2.32.2"
source = { registry = "https://pypi.org/simple" }
dependencies = [
    { name = "certifi" },
    { name = "charset-normalizer" },
    { name = "idna" },
    { name = "urllib3" },
]
sdist = { url = "https://files.pythonhosted.org/packages/86/ec/535bf6f9bd280de6a4637526602a146a68fde757100ecf8c9333173392db/requests-2.32.2.tar.gz", hash = "sha256:dd951ff5ecf3e3b3aa26b40703ba77495dab41da839ae72ef3c8e5d8e2433289", size = 130327 }
wheels = [
    { url = "https://files.pythonhosted.org/packages/c3/20/748e38b466e0819491f0ce6e90ebe4184966ee304fe483e2c414b0f4ef07/requests-2.32.2-py3-none-any.whl", hash = "sha256:fc06670dd0ed212426dfeb94fc1b983d917c4f9847c863f313c9dfaaffb7c23c", size = 63902 },
]

[[package]]
name = "setuptools"
version = "70.0.0"
source = { registry = "https://pypi.org/simple" }
sdist = { url = "https://files.pythonhosted.org/packages/aa/60/5db2249526c9b453c5bb8b9f6965fcab0ddb7f40ad734420b3b421f7da44/setuptools-70.0.0.tar.gz", hash = "sha256:f211a66637b8fa059bb28183da127d4e86396c991a942b028c6650d4319c3fd0", size = 2265182 }
wheels = [
    { url = "https://files.pythonhosted.org/packages/de/88/70c5767a0e43eb4451c2200f07d042a4bcd7639276003a9c54a68cfcc1f8/setuptools-70.0.0-py3-none-any.whl", hash = "sha256:54faa7f2e8d2d11bcd2c07bed282eef1046b5c080d1c32add737d7b5817b1ad4", size = 863432 },
]

[[package]]
name = "soco"
version = "0.29.1"
source = { registry = "https://pypi.org/simple" }
dependencies = [
    { name = "appdirs" },
    { name = "ifaddr" },
    { name = "lxml" },
    { name = "requests" },
    { name = "xmltodict" },
]
sdist = { url = "https://files.pythonhosted.org/packages/cb/06/4436eeea01ea6bfae0baab2003bbd440ad42a083148357a5644ce93d09f2/soco-0.29.1.tar.gz", hash = "sha256:6f164ab8c282d5d2e4cc382d55b7e7c1bb45f400d7e784f64b50f97a6c9f7363", size = 729825 }
wheels = [
    { url = "https://files.pythonhosted.org/packages/49/4b/1716e1c9222c8621f1d91ce0bfa3fbafaac712d5457c19d482d386f6ec2a/soco-0.29.1-py2.py3-none-any.whl", hash = "sha256:9825556a92de8168b8b738943a658167d534bde92060be2a78e301817109a777", size = 160737 },
]

[[package]]
name = "urllib3"
version = "2.2.2"
source = { registry = "https://pypi.org/simple" }
sdist = { url = "https://files.pythonhosted.org/packages/43/6d/fa469ae21497ddc8bc93e5877702dca7cb8f911e337aca7452b5724f1bb6/urllib3-2.2.2.tar.gz", hash = "sha256:dd505485549a7a552833da5e6063639d0d177c04f23bc3864e41e5dc5f612168", size = 292266 }
wheels = [
    { url = "https://files.pythonhosted.org/packages/ca/1c/89ffc63a9605b583d5df2be791a27bc1a42b7c32bab68d3c8f2f73a98cd4/urllib3-2.2.2-py3-none-any.whl", hash = "sha256:a448b2f64d686155468037e1ace9f2d2199776e17f0a46610480d311f73e3472", size = 121444 },
]

[[package]]
name = "wheel"
version = "0.41.2"
source = { registry = "https://pypi.org/simple" }
sdist = { url = "https://files.pythonhosted.org/packages/a4/99/78c4f3bd50619d772168bec6a0f34379b02c19c9cced0ed833ecd021fd0d/wheel-0.41.2.tar.gz", hash = "sha256:0c5ac5ff2afb79ac23ab82bab027a0be7b5dbcf2e54dc50efe4bf507de1f7985", size = 98050 }
wheels = [
    { url = "https://files.pythonhosted.org/packages/b8/8b/31273bf66016be6ad22bb7345c37ff350276cfd46e389a0c2ac5da9d9073/wheel-0.41.2-py3-none-any.whl", hash = "sha256:75909db2664838d015e3d9139004ee16711748a52c8f336b52882266540215d8", size = 64848 },
]

[[package]]
name = "xmltodict"
version = "0.13.0"
source = { registry = "https://pypi.org/simple" }
sdist = { url = "https://files.pythonhosted.org/packages/39/0d/40df5be1e684bbaecdb9d1e0e40d5d482465de6b00cbb92b84ee5d243c7f/xmltodict-0.13.0.tar.gz", hash = "sha256:341595a488e3e01a85a9d8911d8912fd922ede5fecc4dce437eb4b6c8d037e56", size = 33813 }
wheels = [
    { url = "https://files.pythonhosted.org/packages/94/db/fd0326e331726f07ff7f40675cd86aa804bfd2e5016c727fa761c934990e/xmltodict-0.13.0-py2.py3-none-any.whl", hash = "sha256:aa89e8fd76320154a40d19a0df04a4695fb9dc5ba977cbb68ab3e4eb225e7852", size = 9971 },
]
